
Microsoft Visual Studio Solution File, Format Version 12.00
# Visual Studio Version 16
VisualStudioVersion = 16.0.30711.63
MinimumVisualStudioVersion = 10.0.40219.1
Project("{9A19103F-16F7-4668-BE54-9A1E7A4F7556}") = "MultiNote", "MultiNote\MultiNote.csproj", "{5A61A829-603D-4727-847D-A960F3F5C4B1}"
EndProject
Global
	GlobalSection(SolutionConfigurationPlatforms) = preSolution
		Debug|Any CPU = Debug|Any CPU
		Release|Any CPU = Release|Any CPU
	EndGlobalSection
	GlobalSection(ProjectConfigurationPlatforms) = postSolution
		{5A61A829-603D-4727-847D-A960F3F5C4B1}.Debug|Any CPU.ActiveCfg = Debug|Any CPU
		{5A61A829-603D-4727-847D-A960F3F5C4B1}.Debug|Any CPU.Build.0 = Debug|Any CPU
		{5A61A829-603D-4727-847D-A960F3F5C4B1}.Release|Any CPU.ActiveCfg = Release|Any CPU
		{5A61A829-603D-4727-847D-A960F3F5C4B1}.Release|Any CPU.Build.0 = Release|Any CPU
	EndGlobalSection
	GlobalSection(SolutionProperties) = preSolution
		HideSolutionNode = FALSE
	EndGlobalSection
	GlobalSection(ExtensibilityGlobals) = postSolution
		SolutionGuid = {113BBD8F-FBA7-4524-A1EB-DC39DCB41611}
	EndGlobalSection
EndGlobal
